
Microsoft Visual Studio Solution File, Format Version 12.00
# Visual Studio Version 16
VisualStudioVersion = 16.0.29926.136
MinimumVisualStudioVersion = 10.0.40219.1
Project("{FAE04EC0-301F-11D3-BF4B-00C04F79EFBC}") = "DelimitedFileSqlServerTableGenerator", "DelimitedFileSqlServerTableGenerator\DelimitedFileSqlServerTableGenerator.csproj", "{001314A8-BE1F-456E-9E4A-A0BA998588DC}"
EndProject
Global
	GlobalSection(SolutionConfigurationPlatforms) = preSolution
		Debug|Any CPU = Debug|Any CPU
		Release|Any CPU = Release|Any CPU
	EndGlobalSection
	GlobalSection(ProjectConfigurationPlatforms) = postSolution
		{001314A8-BE1F-456E-9E4A-A0BA998588DC}.Debug|Any CPU.ActiveCfg = Debug|Any CPU
		{001314A8-BE1F-456E-9E4A-A0BA998588DC}.Debug|Any CPU.Build.0 = Debug|Any CPU
		{001314A8-BE1F-456E-9E4A-A0BA998588DC}.Release|Any CPU.ActiveCfg = Release|Any CPU
		{001314A8-BE1F-456E-9E4A-A0BA998588DC}.Release|Any CPU.Build.0 = Release|Any CPU
	EndGlobalSection
	GlobalSection(SolutionProperties) = preSolution
		HideSolutionNode = FALSE
	EndGlobalSection
	GlobalSection(ExtensibilityGlobals) = postSolution
		SolutionGuid = {10B85613-30C0-489E-9C75-4F81D6BC230A}
	EndGlobalSection
EndGlobal
